
Microsoft Visual Studio Solution File, Format Version 12.00
# Visual Studio Version 16
VisualStudioVersion = 16.0.33927.289
MinimumVisualStudioVersion = 10.0.40219.1
Project("{8BC9CEB8-8B4A-11D0-8D11-00A0C91BC942}") = "密碼", "密碼\密碼.vcxproj", "{56543FD6-2E40-434B-9EED-9362E2954C61}"
EndProject
Global
	GlobalSection(SolutionConfigurationPlatforms) = preSolution
		Debug|x64 = Debug|x64
		Debug|x86 = Debug|x86
		Release|x64 = Release|x64
		Release|x86 = Release|x86
	EndGlobalSection
	GlobalSection(ProjectConfigurationPlatforms) = postSolution
		{56543FD6-2E40-434B-9EED-9362E2954C61}.Debug|x64.ActiveCfg = Debug|x64
		{56543FD6-2E40-434B-9EED-9362E2954C61}.Debug|x64.Build.0 = Debug|x64
		{56543FD6-2E40-434B-9EED-9362E2954C61}.Debug|x86.ActiveCfg = Debug|Win32
		{56543FD6-2E40-434B-9EED-9362E2954C61}.Debug|x86.Build.0 = Debug|Win32
		{56543FD6-2E40-434B-9EED-9362E2954C61}.Release|x64.ActiveCfg = Release|x64
		{56543FD6-2E40-434B-9EED-9362E2954C61}.Release|x64.Build.0 = Release|x64
		{56543FD6-2E40-434B-9EED-9362E2954C61}.Release|x86.ActiveCfg = Release|Win32
		{56543FD6-2E40-434B-9EED-9362E2954C61}.Release|x86.Build.0 = Release|Win32
	EndGlobalSection
	GlobalSection(SolutionProperties) = preSolution
		HideSolutionNode = FALSE
	EndGlobalSection
	GlobalSection(ExtensibilityGlobals) = postSolution
		SolutionGuid = {033583CD-5516-4FE3-B22E-D03F7014F1D0}
	EndGlobalSection
EndGlobal
