
Microsoft Visual Studio Solution File, Format Version 12.00
# Visual Studio Version 17
VisualStudioVersion = 17.3.32929.385
MinimumVisualStudioVersion = 10.0.40219.1
Project("{8BC9CEB8-8B4A-11D0-8D11-00A0C91BC942}") = "倒金字", "倒金字\倒金字.vcxproj", "{CC224648-549F-46E8-9954-A17EE5ECE741}"
EndProject
Global
	GlobalSection(SolutionConfigurationPlatforms) = preSolution
		Debug|x64 = Debug|x64
		Debug|x86 = Debug|x86
		Release|x64 = Release|x64
		Release|x86 = Release|x86
	EndGlobalSection
	GlobalSection(ProjectConfigurationPlatforms) = postSolution
		{CC224648-549F-46E8-9954-A17EE5ECE741}.Debug|x64.ActiveCfg = Debug|x64
		{CC224648-549F-46E8-9954-A17EE5ECE741}.Debug|x64.Build.0 = Debug|x64
		{CC224648-549F-46E8-9954-A17EE5ECE741}.Debug|x86.ActiveCfg = Debug|Win32
		{CC224648-549F-46E8-9954-A17EE5ECE741}.Debug|x86.Build.0 = Debug|Win32
		{CC224648-549F-46E8-9954-A17EE5ECE741}.Release|x64.ActiveCfg = Release|x64
		{CC224648-549F-46E8-9954-A17EE5ECE741}.Release|x64.Build.0 = Release|x64
		{CC224648-549F-46E8-9954-A17EE5ECE741}.Release|x86.ActiveCfg = Release|Win32
		{CC224648-549F-46E8-9954-A17EE5ECE741}.Release|x86.Build.0 = Release|Win32
	EndGlobalSection
	GlobalSection(SolutionProperties) = preSolution
		HideSolutionNode = FALSE
	EndGlobalSection
	GlobalSection(ExtensibilityGlobals) = postSolution
		SolutionGuid = {AF70D8CF-1C59-46A3-AB2A-77E02731C82B}
	EndGlobalSection
EndGlobal
