
Microsoft Visual Studio Solution File, Format Version 12.00
# Visual Studio Version 16
VisualStudioVersion = 16.0.33927.289
MinimumVisualStudioVersion = 10.0.40219.1
Project("{8BC9CEB8-8B4A-11D0-8D11-00A0C91BC942}") = "ConsoleApplication1", "ConsoleApplication1\ConsoleApplication1.vcxproj", "{A2985CF5-9BE7-4806-B35E-84051266A4AA}"
EndProject
Global
	GlobalSection(SolutionConfigurationPlatforms) = preSolution
		Debug|x64 = Debug|x64
		Debug|x86 = Debug|x86
		Release|x64 = Release|x64
		Release|x86 = Release|x86
	EndGlobalSection
	GlobalSection(ProjectConfigurationPlatforms) = postSolution
		{A2985CF5-9BE7-4806-B35E-84051266A4AA}.Debug|x64.ActiveCfg = Debug|x64
		{A2985CF5-9BE7-4806-B35E-84051266A4AA}.Debug|x64.Build.0 = Debug|x64
		{A2985CF5-9BE7-4806-B35E-84051266A4AA}.Debug|x86.ActiveCfg = Debug|Win32
		{A2985CF5-9BE7-4806-B35E-84051266A4AA}.Debug|x86.Build.0 = Debug|Win32
		{A2985CF5-9BE7-4806-B35E-84051266A4AA}.Release|x64.ActiveCfg = Release|x64
		{A2985CF5-9BE7-4806-B35E-84051266A4AA}.Release|x64.Build.0 = Release|x64
		{A2985CF5-9BE7-4806-B35E-84051266A4AA}.Release|x86.ActiveCfg = Release|Win32
		{A2985CF5-9BE7-4806-B35E-84051266A4AA}.Release|x86.Build.0 = Release|Win32
	EndGlobalSection
	GlobalSection(SolutionProperties) = preSolution
		HideSolutionNode = FALSE
	EndGlobalSection
	GlobalSection(ExtensibilityGlobals) = postSolution
		SolutionGuid = {A7F4EBF2-C84D-4FE3-A584-371C24ADB178}
	EndGlobalSection
EndGlobal
