
Microsoft Visual Studio Solution File, Format Version 12.00
# Visual Studio Version 16
VisualStudioVersion = 16.0.33927.289
MinimumVisualStudioVersion = 10.0.40219.1
Project("{8BC9CEB8-8B4A-11D0-8D11-00A0C91BC942}") = "6.5-1", "6.5-1\6.5-1.vcxproj", "{DFC585BD-EB2D-4166-A87D-6EC691EAF6C8}"
EndProject
Global
	GlobalSection(SolutionConfigurationPlatforms) = preSolution
		Debug|x64 = Debug|x64
		Debug|x86 = Debug|x86
		Release|x64 = Release|x64
		Release|x86 = Release|x86
	EndGlobalSection
	GlobalSection(ProjectConfigurationPlatforms) = postSolution
		{DFC585BD-EB2D-4166-A87D-6EC691EAF6C8}.Debug|x64.ActiveCfg = Debug|x64
		{DFC585BD-EB2D-4166-A87D-6EC691EAF6C8}.Debug|x64.Build.0 = Debug|x64
		{DFC585BD-EB2D-4166-A87D-6EC691EAF6C8}.Debug|x86.ActiveCfg = Debug|Win32
		{DFC585BD-EB2D-4166-A87D-6EC691EAF6C8}.Debug|x86.Build.0 = Debug|Win32
		{DFC585BD-EB2D-4166-A87D-6EC691EAF6C8}.Release|x64.ActiveCfg = Release|x64
		{DFC585BD-EB2D-4166-A87D-6EC691EAF6C8}.Release|x64.Build.0 = Release|x64
		{DFC585BD-EB2D-4166-A87D-6EC691EAF6C8}.Release|x86.ActiveCfg = Release|Win32
		{DFC585BD-EB2D-4166-A87D-6EC691EAF6C8}.Release|x86.Build.0 = Release|Win32
	EndGlobalSection
	GlobalSection(SolutionProperties) = preSolution
		HideSolutionNode = FALSE
	EndGlobalSection
	GlobalSection(ExtensibilityGlobals) = postSolution
		SolutionGuid = {F156642F-FF57-4151-BD16-9A95CC7F4AC5}
	EndGlobalSection
EndGlobal
