
Microsoft Visual Studio Solution File, Format Version 12.00
# Visual Studio Version 16
VisualStudioVersion = 16.0.33927.289
MinimumVisualStudioVersion = 10.0.40219.1
Project("{8BC9CEB8-8B4A-11D0-8D11-00A0C91BC942}") = "ConsoleApplication7", "ConsoleApplication7\ConsoleApplication7.vcxproj", "{F776C59C-21B6-4D3B-9A83-8E51E73A6E44}"
EndProject
Global
	GlobalSection(SolutionConfigurationPlatforms) = preSolution
		Debug|x64 = Debug|x64
		Debug|x86 = Debug|x86
		Release|x64 = Release|x64
		Release|x86 = Release|x86
	EndGlobalSection
	GlobalSection(ProjectConfigurationPlatforms) = postSolution
		{F776C59C-21B6-4D3B-9A83-8E51E73A6E44}.Debug|x64.ActiveCfg = Debug|x64
		{F776C59C-21B6-4D3B-9A83-8E51E73A6E44}.Debug|x64.Build.0 = Debug|x64
		{F776C59C-21B6-4D3B-9A83-8E51E73A6E44}.Debug|x86.ActiveCfg = Debug|Win32
		{F776C59C-21B6-4D3B-9A83-8E51E73A6E44}.Debug|x86.Build.0 = Debug|Win32
		{F776C59C-21B6-4D3B-9A83-8E51E73A6E44}.Release|x64.ActiveCfg = Release|x64
		{F776C59C-21B6-4D3B-9A83-8E51E73A6E44}.Release|x64.Build.0 = Release|x64
		{F776C59C-21B6-4D3B-9A83-8E51E73A6E44}.Release|x86.ActiveCfg = Release|Win32
		{F776C59C-21B6-4D3B-9A83-8E51E73A6E44}.Release|x86.Build.0 = Release|Win32
	EndGlobalSection
	GlobalSection(SolutionProperties) = preSolution
		HideSolutionNode = FALSE
	EndGlobalSection
	GlobalSection(ExtensibilityGlobals) = postSolution
		SolutionGuid = {FFC280E4-D94A-4903-AACF-147D85290F83}
	EndGlobalSection
EndGlobal
