
Microsoft Visual Studio Solution File, Format Version 12.00
# Visual Studio Version 16
VisualStudioVersion = 16.0.33927.289
MinimumVisualStudioVersion = 10.0.40219.1
Project("{8BC9CEB8-8B4A-11D0-8D11-00A0C91BC942}") = "ConsoleApplication1", "ConsoleApplication1\ConsoleApplication1.vcxproj", "{988BDACB-A14C-4918-91A1-A60ED6365D21}"
EndProject
Global
	GlobalSection(SolutionConfigurationPlatforms) = preSolution
		Debug|x64 = Debug|x64
		Debug|x86 = Debug|x86
		Release|x64 = Release|x64
		Release|x86 = Release|x86
	EndGlobalSection
	GlobalSection(ProjectConfigurationPlatforms) = postSolution
		{988BDACB-A14C-4918-91A1-A60ED6365D21}.Debug|x64.ActiveCfg = Debug|x64
		{988BDACB-A14C-4918-91A1-A60ED6365D21}.Debug|x64.Build.0 = Debug|x64
		{988BDACB-A14C-4918-91A1-A60ED6365D21}.Debug|x86.ActiveCfg = Debug|Win32
		{988BDACB-A14C-4918-91A1-A60ED6365D21}.Debug|x86.Build.0 = Debug|Win32
		{988BDACB-A14C-4918-91A1-A60ED6365D21}.Release|x64.ActiveCfg = Release|x64
		{988BDACB-A14C-4918-91A1-A60ED6365D21}.Release|x64.Build.0 = Release|x64
		{988BDACB-A14C-4918-91A1-A60ED6365D21}.Release|x86.ActiveCfg = Release|Win32
		{988BDACB-A14C-4918-91A1-A60ED6365D21}.Release|x86.Build.0 = Release|Win32
	EndGlobalSection
	GlobalSection(SolutionProperties) = preSolution
		HideSolutionNode = FALSE
	EndGlobalSection
	GlobalSection(ExtensibilityGlobals) = postSolution
		SolutionGuid = {B7787DE0-DAF0-45D8-92D7-6AAC719CDF89}
	EndGlobalSection
EndGlobal
