
Microsoft Visual Studio Solution File, Format Version 12.00
# Visual Studio Version 16
VisualStudioVersion = 16.0.33927.289
MinimumVisualStudioVersion = 10.0.40219.1
Project("{8BC9CEB8-8B4A-11D0-8D11-00A0C91BC942}") = "ConsoleApplication1", "ConsoleApplication1\ConsoleApplication1.vcxproj", "{8A9E90AB-5948-4145-AC5B-ED9E3B4BB5EC}"
EndProject
Global
	GlobalSection(SolutionConfigurationPlatforms) = preSolution
		Debug|x64 = Debug|x64
		Debug|x86 = Debug|x86
		Release|x64 = Release|x64
		Release|x86 = Release|x86
	EndGlobalSection
	GlobalSection(ProjectConfigurationPlatforms) = postSolution
		{8A9E90AB-5948-4145-AC5B-ED9E3B4BB5EC}.Debug|x64.ActiveCfg = Debug|x64
		{8A9E90AB-5948-4145-AC5B-ED9E3B4BB5EC}.Debug|x64.Build.0 = Debug|x64
		{8A9E90AB-5948-4145-AC5B-ED9E3B4BB5EC}.Debug|x86.ActiveCfg = Debug|Win32
		{8A9E90AB-5948-4145-AC5B-ED9E3B4BB5EC}.Debug|x86.Build.0 = Debug|Win32
		{8A9E90AB-5948-4145-AC5B-ED9E3B4BB5EC}.Release|x64.ActiveCfg = Release|x64
		{8A9E90AB-5948-4145-AC5B-ED9E3B4BB5EC}.Release|x64.Build.0 = Release|x64
		{8A9E90AB-5948-4145-AC5B-ED9E3B4BB5EC}.Release|x86.ActiveCfg = Release|Win32
		{8A9E90AB-5948-4145-AC5B-ED9E3B4BB5EC}.Release|x86.Build.0 = Release|Win32
	EndGlobalSection
	GlobalSection(SolutionProperties) = preSolution
		HideSolutionNode = FALSE
	EndGlobalSection
	GlobalSection(ExtensibilityGlobals) = postSolution
		SolutionGuid = {9C1E5F65-4987-4B29-8012-7A53F9F39298}
	EndGlobalSection
EndGlobal
