
Microsoft Visual Studio Solution File, Format Version 12.00
# Visual Studio Version 16
VisualStudioVersion = 16.0.33927.289
MinimumVisualStudioVersion = 10.0.40219.1
Project("{8BC9CEB8-8B4A-11D0-8D11-00A0C91BC942}") = "1111134020-2", "1111134020-2\1111134020-2.vcxproj", "{40267418-ECBD-41F4-BEE2-064A0C90EBB2}"
EndProject
Global
	GlobalSection(SolutionConfigurationPlatforms) = preSolution
		Debug|x64 = Debug|x64
		Debug|x86 = Debug|x86
		Release|x64 = Release|x64
		Release|x86 = Release|x86
	EndGlobalSection
	GlobalSection(ProjectConfigurationPlatforms) = postSolution
		{40267418-ECBD-41F4-BEE2-064A0C90EBB2}.Debug|x64.ActiveCfg = Debug|x64
		{40267418-ECBD-41F4-BEE2-064A0C90EBB2}.Debug|x64.Build.0 = Debug|x64
		{40267418-ECBD-41F4-BEE2-064A0C90EBB2}.Debug|x86.ActiveCfg = Debug|Win32
		{40267418-ECBD-41F4-BEE2-064A0C90EBB2}.Debug|x86.Build.0 = Debug|Win32
		{40267418-ECBD-41F4-BEE2-064A0C90EBB2}.Release|x64.ActiveCfg = Release|x64
		{40267418-ECBD-41F4-BEE2-064A0C90EBB2}.Release|x64.Build.0 = Release|x64
		{40267418-ECBD-41F4-BEE2-064A0C90EBB2}.Release|x86.ActiveCfg = Release|Win32
		{40267418-ECBD-41F4-BEE2-064A0C90EBB2}.Release|x86.Build.0 = Release|Win32
	EndGlobalSection
	GlobalSection(SolutionProperties) = preSolution
		HideSolutionNode = FALSE
	EndGlobalSection
	GlobalSection(ExtensibilityGlobals) = postSolution
		SolutionGuid = {E8AA2BA2-234B-4C02-8D71-3543CD127519}
	EndGlobalSection
EndGlobal
