
Microsoft Visual Studio Solution File, Format Version 12.00
# Visual Studio Version 16
VisualStudioVersion = 16.0.33927.289
MinimumVisualStudioVersion = 10.0.40219.1
Project("{8BC9CEB8-8B4A-11D0-8D11-00A0C91BC942}") = "3.20-2", "3.20-2\3.20-2.vcxproj", "{5353F65A-B187-4665-9DC1-DFF632607844}"
EndProject
Global
	GlobalSection(SolutionConfigurationPlatforms) = preSolution
		Debug|x64 = Debug|x64
		Debug|x86 = Debug|x86
		Release|x64 = Release|x64
		Release|x86 = Release|x86
	EndGlobalSection
	GlobalSection(ProjectConfigurationPlatforms) = postSolution
		{5353F65A-B187-4665-9DC1-DFF632607844}.Debug|x64.ActiveCfg = Debug|x64
		{5353F65A-B187-4665-9DC1-DFF632607844}.Debug|x64.Build.0 = Debug|x64
		{5353F65A-B187-4665-9DC1-DFF632607844}.Debug|x86.ActiveCfg = Debug|Win32
		{5353F65A-B187-4665-9DC1-DFF632607844}.Debug|x86.Build.0 = Debug|Win32
		{5353F65A-B187-4665-9DC1-DFF632607844}.Release|x64.ActiveCfg = Release|x64
		{5353F65A-B187-4665-9DC1-DFF632607844}.Release|x64.Build.0 = Release|x64
		{5353F65A-B187-4665-9DC1-DFF632607844}.Release|x86.ActiveCfg = Release|Win32
		{5353F65A-B187-4665-9DC1-DFF632607844}.Release|x86.Build.0 = Release|Win32
	EndGlobalSection
	GlobalSection(SolutionProperties) = preSolution
		HideSolutionNode = FALSE
	EndGlobalSection
	GlobalSection(ExtensibilityGlobals) = postSolution
		SolutionGuid = {A362EC4A-CA22-41FF-AB02-34F6C0F80ECB}
	EndGlobalSection
EndGlobal
