
Microsoft Visual Studio Solution File, Format Version 12.00
# Visual Studio Version 17
VisualStudioVersion = 17.6.33815.320
MinimumVisualStudioVersion = 10.0.40219.1
Project("{8BC9CEB8-8B4A-11D0-8D11-00A0C91BC942}") = "動態zhan列", "動態zhan列\動態zhan列.vcxproj", "{7820BC72-E7B8-47CB-BFDC-277A0299B51F}"
EndProject
Global
	GlobalSection(SolutionConfigurationPlatforms) = preSolution
		Debug|x64 = Debug|x64
		Debug|x86 = Debug|x86
		Release|x64 = Release|x64
		Release|x86 = Release|x86
	EndGlobalSection
	GlobalSection(ProjectConfigurationPlatforms) = postSolution
		{7820BC72-E7B8-47CB-BFDC-277A0299B51F}.Debug|x64.ActiveCfg = Debug|x64
		{7820BC72-E7B8-47CB-BFDC-277A0299B51F}.Debug|x64.Build.0 = Debug|x64
		{7820BC72-E7B8-47CB-BFDC-277A0299B51F}.Debug|x86.ActiveCfg = Debug|Win32
		{7820BC72-E7B8-47CB-BFDC-277A0299B51F}.Debug|x86.Build.0 = Debug|Win32
		{7820BC72-E7B8-47CB-BFDC-277A0299B51F}.Release|x64.ActiveCfg = Release|x64
		{7820BC72-E7B8-47CB-BFDC-277A0299B51F}.Release|x64.Build.0 = Release|x64
		{7820BC72-E7B8-47CB-BFDC-277A0299B51F}.Release|x86.ActiveCfg = Release|Win32
		{7820BC72-E7B8-47CB-BFDC-277A0299B51F}.Release|x86.Build.0 = Release|Win32
	EndGlobalSection
	GlobalSection(SolutionProperties) = preSolution
		HideSolutionNode = FALSE
	EndGlobalSection
	GlobalSection(ExtensibilityGlobals) = postSolution
		SolutionGuid = {50FA31F8-C852-4C41-B707-5F666E35BC6F}
	EndGlobalSection
EndGlobal
