
Microsoft Visual Studio Solution File, Format Version 12.00
# Visual Studio Version 16
VisualStudioVersion = 16.0.33927.289
MinimumVisualStudioVersion = 10.0.40219.1
Project("{8BC9CEB8-8B4A-11D0-8D11-00A0C91BC942}") = "0410-從小到大輸出", "0410-從小到大輸出\0410-從小到大輸出.vcxproj", "{20DAD8E7-2320-429C-AB84-388788EEE0FB}"
EndProject
Global
	GlobalSection(SolutionConfigurationPlatforms) = preSolution
		Debug|x64 = Debug|x64
		Debug|x86 = Debug|x86
		Release|x64 = Release|x64
		Release|x86 = Release|x86
	EndGlobalSection
	GlobalSection(ProjectConfigurationPlatforms) = postSolution
		{20DAD8E7-2320-429C-AB84-388788EEE0FB}.Debug|x64.ActiveCfg = Debug|x64
		{20DAD8E7-2320-429C-AB84-388788EEE0FB}.Debug|x64.Build.0 = Debug|x64
		{20DAD8E7-2320-429C-AB84-388788EEE0FB}.Debug|x86.ActiveCfg = Debug|Win32
		{20DAD8E7-2320-429C-AB84-388788EEE0FB}.Debug|x86.Build.0 = Debug|Win32
		{20DAD8E7-2320-429C-AB84-388788EEE0FB}.Release|x64.ActiveCfg = Release|x64
		{20DAD8E7-2320-429C-AB84-388788EEE0FB}.Release|x64.Build.0 = Release|x64
		{20DAD8E7-2320-429C-AB84-388788EEE0FB}.Release|x86.ActiveCfg = Release|Win32
		{20DAD8E7-2320-429C-AB84-388788EEE0FB}.Release|x86.Build.0 = Release|Win32
	EndGlobalSection
	GlobalSection(SolutionProperties) = preSolution
		HideSolutionNode = FALSE
	EndGlobalSection
	GlobalSection(ExtensibilityGlobals) = postSolution
		SolutionGuid = {514DDAAC-0F45-4432-9226-1858F5FD2E8D}
	EndGlobalSection
EndGlobal
