
Microsoft Visual Studio Solution File, Format Version 12.00
# Visual Studio Version 16
VisualStudioVersion = 16.0.33927.289
MinimumVisualStudioVersion = 10.0.40219.1
Project("{8BC9CEB8-8B4A-11D0-8D11-00A0C91BC942}") = "2024.6.5", "2024.6.5\2024.6.5.vcxproj", "{F16D7C10-48B3-4D0D-9E9B-96B9F82964AA}"
EndProject
Global
	GlobalSection(SolutionConfigurationPlatforms) = preSolution
		Debug|x64 = Debug|x64
		Debug|x86 = Debug|x86
		Release|x64 = Release|x64
		Release|x86 = Release|x86
	EndGlobalSection
	GlobalSection(ProjectConfigurationPlatforms) = postSolution
		{F16D7C10-48B3-4D0D-9E9B-96B9F82964AA}.Debug|x64.ActiveCfg = Debug|x64
		{F16D7C10-48B3-4D0D-9E9B-96B9F82964AA}.Debug|x64.Build.0 = Debug|x64
		{F16D7C10-48B3-4D0D-9E9B-96B9F82964AA}.Debug|x86.ActiveCfg = Debug|Win32
		{F16D7C10-48B3-4D0D-9E9B-96B9F82964AA}.Debug|x86.Build.0 = Debug|Win32
		{F16D7C10-48B3-4D0D-9E9B-96B9F82964AA}.Release|x64.ActiveCfg = Release|x64
		{F16D7C10-48B3-4D0D-9E9B-96B9F82964AA}.Release|x64.Build.0 = Release|x64
		{F16D7C10-48B3-4D0D-9E9B-96B9F82964AA}.Release|x86.ActiveCfg = Release|Win32
		{F16D7C10-48B3-4D0D-9E9B-96B9F82964AA}.Release|x86.Build.0 = Release|Win32
	EndGlobalSection
	GlobalSection(SolutionProperties) = preSolution
		HideSolutionNode = FALSE
	EndGlobalSection
	GlobalSection(ExtensibilityGlobals) = postSolution
		SolutionGuid = {7B80B774-4BE1-4EAA-9AED-387658E48E8E}
	EndGlobalSection
EndGlobal
