
Microsoft Visual Studio Solution File, Format Version 12.00
# Visual Studio Version 16
VisualStudioVersion = 16.0.33927.289
MinimumVisualStudioVersion = 10.0.40219.1
Project("{8BC9CEB8-8B4A-11D0-8D11-00A0C91BC942}") = "ConsoleApplication6", "ConsoleApplication6\ConsoleApplication6.vcxproj", "{43570981-1B46-4B22-8A58-DF9E0560AB8C}"
EndProject
Global
	GlobalSection(SolutionConfigurationPlatforms) = preSolution
		Debug|x64 = Debug|x64
		Debug|x86 = Debug|x86
		Release|x64 = Release|x64
		Release|x86 = Release|x86
	EndGlobalSection
	GlobalSection(ProjectConfigurationPlatforms) = postSolution
		{43570981-1B46-4B22-8A58-DF9E0560AB8C}.Debug|x64.ActiveCfg = Debug|x64
		{43570981-1B46-4B22-8A58-DF9E0560AB8C}.Debug|x64.Build.0 = Debug|x64
		{43570981-1B46-4B22-8A58-DF9E0560AB8C}.Debug|x86.ActiveCfg = Debug|Win32
		{43570981-1B46-4B22-8A58-DF9E0560AB8C}.Debug|x86.Build.0 = Debug|Win32
		{43570981-1B46-4B22-8A58-DF9E0560AB8C}.Release|x64.ActiveCfg = Release|x64
		{43570981-1B46-4B22-8A58-DF9E0560AB8C}.Release|x64.Build.0 = Release|x64
		{43570981-1B46-4B22-8A58-DF9E0560AB8C}.Release|x86.ActiveCfg = Release|Win32
		{43570981-1B46-4B22-8A58-DF9E0560AB8C}.Release|x86.Build.0 = Release|Win32
	EndGlobalSection
	GlobalSection(SolutionProperties) = preSolution
		HideSolutionNode = FALSE
	EndGlobalSection
	GlobalSection(ExtensibilityGlobals) = postSolution
		SolutionGuid = {73C7381B-C74B-4C9C-BC1F-5271611C5474}
	EndGlobalSection
EndGlobal
