
Microsoft Visual Studio Solution File, Format Version 12.00
# Visual Studio Version 16
VisualStudioVersion = 16.0.33927.289
MinimumVisualStudioVersion = 10.0.40219.1
Project("{8BC9CEB8-8B4A-11D0-8D11-00A0C91BC942}") = "ConsoleApplication2", "ConsoleApplication2\ConsoleApplication2.vcxproj", "{6D7E62A7-8C74-4C30-B34D-54B2DFA02081}"
EndProject
Global
	GlobalSection(SolutionConfigurationPlatforms) = preSolution
		Debug|x64 = Debug|x64
		Debug|x86 = Debug|x86
		Release|x64 = Release|x64
		Release|x86 = Release|x86
	EndGlobalSection
	GlobalSection(ProjectConfigurationPlatforms) = postSolution
		{6D7E62A7-8C74-4C30-B34D-54B2DFA02081}.Debug|x64.ActiveCfg = Debug|x64
		{6D7E62A7-8C74-4C30-B34D-54B2DFA02081}.Debug|x64.Build.0 = Debug|x64
		{6D7E62A7-8C74-4C30-B34D-54B2DFA02081}.Debug|x86.ActiveCfg = Debug|Win32
		{6D7E62A7-8C74-4C30-B34D-54B2DFA02081}.Debug|x86.Build.0 = Debug|Win32
		{6D7E62A7-8C74-4C30-B34D-54B2DFA02081}.Release|x64.ActiveCfg = Release|x64
		{6D7E62A7-8C74-4C30-B34D-54B2DFA02081}.Release|x64.Build.0 = Release|x64
		{6D7E62A7-8C74-4C30-B34D-54B2DFA02081}.Release|x86.ActiveCfg = Release|Win32
		{6D7E62A7-8C74-4C30-B34D-54B2DFA02081}.Release|x86.Build.0 = Release|Win32
	EndGlobalSection
	GlobalSection(SolutionProperties) = preSolution
		HideSolutionNode = FALSE
	EndGlobalSection
	GlobalSection(ExtensibilityGlobals) = postSolution
		SolutionGuid = {5981C6B1-2446-4A71-9448-82D942B7A58D}
	EndGlobalSection
EndGlobal
