
Microsoft Visual Studio Solution File, Format Version 12.00
# Visual Studio Version 16
VisualStudioVersion = 16.0.33927.289
MinimumVisualStudioVersion = 10.0.40219.1
Project("{8BC9CEB8-8B4A-11D0-8D11-00A0C91BC942}") = "1111134033-1", "1111134033-1\1111134033-1.vcxproj", "{0B9D6B35-505B-4D98-8257-FF64CAF37ADD}"
EndProject
Global
	GlobalSection(SolutionConfigurationPlatforms) = preSolution
		Debug|x64 = Debug|x64
		Debug|x86 = Debug|x86
		Release|x64 = Release|x64
		Release|x86 = Release|x86
	EndGlobalSection
	GlobalSection(ProjectConfigurationPlatforms) = postSolution
		{0B9D6B35-505B-4D98-8257-FF64CAF37ADD}.Debug|x64.ActiveCfg = Debug|x64
		{0B9D6B35-505B-4D98-8257-FF64CAF37ADD}.Debug|x64.Build.0 = Debug|x64
		{0B9D6B35-505B-4D98-8257-FF64CAF37ADD}.Debug|x86.ActiveCfg = Debug|Win32
		{0B9D6B35-505B-4D98-8257-FF64CAF37ADD}.Debug|x86.Build.0 = Debug|Win32
		{0B9D6B35-505B-4D98-8257-FF64CAF37ADD}.Release|x64.ActiveCfg = Release|x64
		{0B9D6B35-505B-4D98-8257-FF64CAF37ADD}.Release|x64.Build.0 = Release|x64
		{0B9D6B35-505B-4D98-8257-FF64CAF37ADD}.Release|x86.ActiveCfg = Release|Win32
		{0B9D6B35-505B-4D98-8257-FF64CAF37ADD}.Release|x86.Build.0 = Release|Win32
	EndGlobalSection
	GlobalSection(SolutionProperties) = preSolution
		HideSolutionNode = FALSE
	EndGlobalSection
	GlobalSection(ExtensibilityGlobals) = postSolution
		SolutionGuid = {05B4D587-3835-4D82-A437-97A621770734}
	EndGlobalSection
EndGlobal
