
Microsoft Visual Studio Solution File, Format Version 12.00
# Visual Studio Version 16
VisualStudioVersion = 16.0.33927.289
MinimumVisualStudioVersion = 10.0.40219.1
Project("{8BC9CEB8-8B4A-11D0-8D11-00A0C91BC942}") = "1110834023", "1110834023\1110834023.vcxproj", "{3937203A-9D70-4440-8D9D-D3D4D7B33607}"
EndProject
Global
	GlobalSection(SolutionConfigurationPlatforms) = preSolution
		Debug|x64 = Debug|x64
		Debug|x86 = Debug|x86
		Release|x64 = Release|x64
		Release|x86 = Release|x86
	EndGlobalSection
	GlobalSection(ProjectConfigurationPlatforms) = postSolution
		{3937203A-9D70-4440-8D9D-D3D4D7B33607}.Debug|x64.ActiveCfg = Debug|x64
		{3937203A-9D70-4440-8D9D-D3D4D7B33607}.Debug|x64.Build.0 = Debug|x64
		{3937203A-9D70-4440-8D9D-D3D4D7B33607}.Debug|x86.ActiveCfg = Debug|Win32
		{3937203A-9D70-4440-8D9D-D3D4D7B33607}.Debug|x86.Build.0 = Debug|Win32
		{3937203A-9D70-4440-8D9D-D3D4D7B33607}.Release|x64.ActiveCfg = Release|x64
		{3937203A-9D70-4440-8D9D-D3D4D7B33607}.Release|x64.Build.0 = Release|x64
		{3937203A-9D70-4440-8D9D-D3D4D7B33607}.Release|x86.ActiveCfg = Release|Win32
		{3937203A-9D70-4440-8D9D-D3D4D7B33607}.Release|x86.Build.0 = Release|Win32
	EndGlobalSection
	GlobalSection(SolutionProperties) = preSolution
		HideSolutionNode = FALSE
	EndGlobalSection
	GlobalSection(ExtensibilityGlobals) = postSolution
		SolutionGuid = {6D67AF12-BC82-47E9-A75B-2FF7D6454AD3}
	EndGlobalSection
EndGlobal
