
Microsoft Visual Studio Solution File, Format Version 12.00
# Visual Studio Version 16
VisualStudioVersion = 16.0.33927.289
MinimumVisualStudioVersion = 10.0.40219.1
Project("{8BC9CEB8-8B4A-11D0-8D11-00A0C91BC942}") = "建 解構子", "建 解構子\建 解構子.vcxproj", "{EEB5CD5F-E5F7-4CAA-8F96-C280401B5FE5}"
EndProject
Global
	GlobalSection(SolutionConfigurationPlatforms) = preSolution
		Debug|x64 = Debug|x64
		Debug|x86 = Debug|x86
		Release|x64 = Release|x64
		Release|x86 = Release|x86
	EndGlobalSection
	GlobalSection(ProjectConfigurationPlatforms) = postSolution
		{EEB5CD5F-E5F7-4CAA-8F96-C280401B5FE5}.Debug|x64.ActiveCfg = Debug|x64
		{EEB5CD5F-E5F7-4CAA-8F96-C280401B5FE5}.Debug|x64.Build.0 = Debug|x64
		{EEB5CD5F-E5F7-4CAA-8F96-C280401B5FE5}.Debug|x86.ActiveCfg = Debug|Win32
		{EEB5CD5F-E5F7-4CAA-8F96-C280401B5FE5}.Debug|x86.Build.0 = Debug|Win32
		{EEB5CD5F-E5F7-4CAA-8F96-C280401B5FE5}.Release|x64.ActiveCfg = Release|x64
		{EEB5CD5F-E5F7-4CAA-8F96-C280401B5FE5}.Release|x64.Build.0 = Release|x64
		{EEB5CD5F-E5F7-4CAA-8F96-C280401B5FE5}.Release|x86.ActiveCfg = Release|Win32
		{EEB5CD5F-E5F7-4CAA-8F96-C280401B5FE5}.Release|x86.Build.0 = Release|Win32
	EndGlobalSection
	GlobalSection(SolutionProperties) = preSolution
		HideSolutionNode = FALSE
	EndGlobalSection
	GlobalSection(ExtensibilityGlobals) = postSolution
		SolutionGuid = {A1B0546E-4A56-4E0F-A49D-9EB462CAAB05}
	EndGlobalSection
EndGlobal
