
Microsoft Visual Studio Solution File, Format Version 12.00
# Visual Studio Version 16
VisualStudioVersion = 16.0.33927.289
MinimumVisualStudioVersion = 10.0.40219.1
Project("{8BC9CEB8-8B4A-11D0-8D11-00A0C91BC942}") = "ConsoleApplication1", "ConsoleApplication1\ConsoleApplication1.vcxproj", "{DCC650C0-0A9F-40D2-8CA9-1D9F341EB0E0}"
EndProject
Global
	GlobalSection(SolutionConfigurationPlatforms) = preSolution
		Debug|x64 = Debug|x64
		Debug|x86 = Debug|x86
		Release|x64 = Release|x64
		Release|x86 = Release|x86
	EndGlobalSection
	GlobalSection(ProjectConfigurationPlatforms) = postSolution
		{DCC650C0-0A9F-40D2-8CA9-1D9F341EB0E0}.Debug|x64.ActiveCfg = Debug|x64
		{DCC650C0-0A9F-40D2-8CA9-1D9F341EB0E0}.Debug|x64.Build.0 = Debug|x64
		{DCC650C0-0A9F-40D2-8CA9-1D9F341EB0E0}.Debug|x86.ActiveCfg = Debug|Win32
		{DCC650C0-0A9F-40D2-8CA9-1D9F341EB0E0}.Debug|x86.Build.0 = Debug|Win32
		{DCC650C0-0A9F-40D2-8CA9-1D9F341EB0E0}.Release|x64.ActiveCfg = Release|x64
		{DCC650C0-0A9F-40D2-8CA9-1D9F341EB0E0}.Release|x64.Build.0 = Release|x64
		{DCC650C0-0A9F-40D2-8CA9-1D9F341EB0E0}.Release|x86.ActiveCfg = Release|Win32
		{DCC650C0-0A9F-40D2-8CA9-1D9F341EB0E0}.Release|x86.Build.0 = Release|Win32
	EndGlobalSection
	GlobalSection(SolutionProperties) = preSolution
		HideSolutionNode = FALSE
	EndGlobalSection
	GlobalSection(ExtensibilityGlobals) = postSolution
		SolutionGuid = {EC50530A-CD8E-4602-8E74-64BE843B53A1}
	EndGlobalSection
EndGlobal
