
Microsoft Visual Studio Solution File, Format Version 12.00
# Visual Studio Version 16
VisualStudioVersion = 16.0.33927.289
MinimumVisualStudioVersion = 10.0.40219.1
Project("{8BC9CEB8-8B4A-11D0-8D11-00A0C91BC942}") = "ConsoleApplication4", "ConsoleApplication4\ConsoleApplication4.vcxproj", "{811046A0-7B3F-4B9D-9D2F-3F694271910B}"
EndProject
Global
	GlobalSection(SolutionConfigurationPlatforms) = preSolution
		Debug|x64 = Debug|x64
		Debug|x86 = Debug|x86
		Release|x64 = Release|x64
		Release|x86 = Release|x86
	EndGlobalSection
	GlobalSection(ProjectConfigurationPlatforms) = postSolution
		{811046A0-7B3F-4B9D-9D2F-3F694271910B}.Debug|x64.ActiveCfg = Debug|x64
		{811046A0-7B3F-4B9D-9D2F-3F694271910B}.Debug|x64.Build.0 = Debug|x64
		{811046A0-7B3F-4B9D-9D2F-3F694271910B}.Debug|x86.ActiveCfg = Debug|Win32
		{811046A0-7B3F-4B9D-9D2F-3F694271910B}.Debug|x86.Build.0 = Debug|Win32
		{811046A0-7B3F-4B9D-9D2F-3F694271910B}.Release|x64.ActiveCfg = Release|x64
		{811046A0-7B3F-4B9D-9D2F-3F694271910B}.Release|x64.Build.0 = Release|x64
		{811046A0-7B3F-4B9D-9D2F-3F694271910B}.Release|x86.ActiveCfg = Release|Win32
		{811046A0-7B3F-4B9D-9D2F-3F694271910B}.Release|x86.Build.0 = Release|Win32
	EndGlobalSection
	GlobalSection(SolutionProperties) = preSolution
		HideSolutionNode = FALSE
	EndGlobalSection
	GlobalSection(ExtensibilityGlobals) = postSolution
		SolutionGuid = {668AFC87-0D82-48A1-8681-C32D35586545}
	EndGlobalSection
EndGlobal
