
Microsoft Visual Studio Solution File, Format Version 12.00
# Visual Studio Version 16
VisualStudioVersion = 16.0.33927.289
MinimumVisualStudioVersion = 10.0.40219.1
Project("{8BC9CEB8-8B4A-11D0-8D11-00A0C91BC942}") = "1110834022-2", "1110834022-2\1110834022-2.vcxproj", "{C028EA4E-40B5-4778-B0F6-8F1251F7779C}"
EndProject
Global
	GlobalSection(SolutionConfigurationPlatforms) = preSolution
		Debug|x64 = Debug|x64
		Debug|x86 = Debug|x86
		Release|x64 = Release|x64
		Release|x86 = Release|x86
	EndGlobalSection
	GlobalSection(ProjectConfigurationPlatforms) = postSolution
		{C028EA4E-40B5-4778-B0F6-8F1251F7779C}.Debug|x64.ActiveCfg = Debug|x64
		{C028EA4E-40B5-4778-B0F6-8F1251F7779C}.Debug|x64.Build.0 = Debug|x64
		{C028EA4E-40B5-4778-B0F6-8F1251F7779C}.Debug|x86.ActiveCfg = Debug|Win32
		{C028EA4E-40B5-4778-B0F6-8F1251F7779C}.Debug|x86.Build.0 = Debug|Win32
		{C028EA4E-40B5-4778-B0F6-8F1251F7779C}.Release|x64.ActiveCfg = Release|x64
		{C028EA4E-40B5-4778-B0F6-8F1251F7779C}.Release|x64.Build.0 = Release|x64
		{C028EA4E-40B5-4778-B0F6-8F1251F7779C}.Release|x86.ActiveCfg = Release|Win32
		{C028EA4E-40B5-4778-B0F6-8F1251F7779C}.Release|x86.Build.0 = Release|Win32
	EndGlobalSection
	GlobalSection(SolutionProperties) = preSolution
		HideSolutionNode = FALSE
	EndGlobalSection
	GlobalSection(ExtensibilityGlobals) = postSolution
		SolutionGuid = {A6CFF149-AC3A-4CAF-9065-81D85F5F3406}
	EndGlobalSection
EndGlobal
