
Microsoft Visual Studio Solution File, Format Version 12.00
# Visual Studio Version 16
VisualStudioVersion = 16.0.33927.289
MinimumVisualStudioVersion = 10.0.40219.1
Project("{8BC9CEB8-8B4A-11D0-8D11-00A0C91BC942}") = "ConsoleApplication6", "ConsoleApplication6\ConsoleApplication6.vcxproj", "{58C58FF5-E9F6-4E47-AF99-E0B260C15DD3}"
EndProject
Global
	GlobalSection(SolutionConfigurationPlatforms) = preSolution
		Debug|x64 = Debug|x64
		Debug|x86 = Debug|x86
		Release|x64 = Release|x64
		Release|x86 = Release|x86
	EndGlobalSection
	GlobalSection(ProjectConfigurationPlatforms) = postSolution
		{58C58FF5-E9F6-4E47-AF99-E0B260C15DD3}.Debug|x64.ActiveCfg = Debug|x64
		{58C58FF5-E9F6-4E47-AF99-E0B260C15DD3}.Debug|x64.Build.0 = Debug|x64
		{58C58FF5-E9F6-4E47-AF99-E0B260C15DD3}.Debug|x86.ActiveCfg = Debug|Win32
		{58C58FF5-E9F6-4E47-AF99-E0B260C15DD3}.Debug|x86.Build.0 = Debug|Win32
		{58C58FF5-E9F6-4E47-AF99-E0B260C15DD3}.Release|x64.ActiveCfg = Release|x64
		{58C58FF5-E9F6-4E47-AF99-E0B260C15DD3}.Release|x64.Build.0 = Release|x64
		{58C58FF5-E9F6-4E47-AF99-E0B260C15DD3}.Release|x86.ActiveCfg = Release|Win32
		{58C58FF5-E9F6-4E47-AF99-E0B260C15DD3}.Release|x86.Build.0 = Release|Win32
	EndGlobalSection
	GlobalSection(SolutionProperties) = preSolution
		HideSolutionNode = FALSE
	EndGlobalSection
	GlobalSection(ExtensibilityGlobals) = postSolution
		SolutionGuid = {D1B00704-C5A4-488C-87C3-D0E9247608AF}
	EndGlobalSection
EndGlobal
