
Microsoft Visual Studio Solution File, Format Version 12.00
# Visual Studio Version 16
VisualStudioVersion = 16.0.33927.289
MinimumVisualStudioVersion = 10.0.40219.1
Project("{8BC9CEB8-8B4A-11D0-8D11-00A0C91BC942}") = "20240320-3", "20240320-3\20240320-3.vcxproj", "{FB250C62-ADB8-4F59-9258-8A55E89C0E18}"
EndProject
Global
	GlobalSection(SolutionConfigurationPlatforms) = preSolution
		Debug|x64 = Debug|x64
		Debug|x86 = Debug|x86
		Release|x64 = Release|x64
		Release|x86 = Release|x86
	EndGlobalSection
	GlobalSection(ProjectConfigurationPlatforms) = postSolution
		{FB250C62-ADB8-4F59-9258-8A55E89C0E18}.Debug|x64.ActiveCfg = Debug|x64
		{FB250C62-ADB8-4F59-9258-8A55E89C0E18}.Debug|x64.Build.0 = Debug|x64
		{FB250C62-ADB8-4F59-9258-8A55E89C0E18}.Debug|x86.ActiveCfg = Debug|Win32
		{FB250C62-ADB8-4F59-9258-8A55E89C0E18}.Debug|x86.Build.0 = Debug|Win32
		{FB250C62-ADB8-4F59-9258-8A55E89C0E18}.Release|x64.ActiveCfg = Release|x64
		{FB250C62-ADB8-4F59-9258-8A55E89C0E18}.Release|x64.Build.0 = Release|x64
		{FB250C62-ADB8-4F59-9258-8A55E89C0E18}.Release|x86.ActiveCfg = Release|Win32
		{FB250C62-ADB8-4F59-9258-8A55E89C0E18}.Release|x86.Build.0 = Release|Win32
	EndGlobalSection
	GlobalSection(SolutionProperties) = preSolution
		HideSolutionNode = FALSE
	EndGlobalSection
	GlobalSection(ExtensibilityGlobals) = postSolution
		SolutionGuid = {9E312E74-E9A2-423B-A48E-D4AC6506BE8A}
	EndGlobalSection
EndGlobal
