
Microsoft Visual Studio Solution File, Format Version 12.00
# Visual Studio Version 16
VisualStudioVersion = 16.0.33927.289
MinimumVisualStudioVersion = 10.0.40219.1
Project("{8BC9CEB8-8B4A-11D0-8D11-00A0C91BC942}") = "ConsoleApplication1", "ConsoleApplication1\ConsoleApplication1.vcxproj", "{CFEF1D8D-1269-49DA-A9FF-51D764F123E3}"
EndProject
Global
	GlobalSection(SolutionConfigurationPlatforms) = preSolution
		Debug|x64 = Debug|x64
		Debug|x86 = Debug|x86
		Release|x64 = Release|x64
		Release|x86 = Release|x86
	EndGlobalSection
	GlobalSection(ProjectConfigurationPlatforms) = postSolution
		{CFEF1D8D-1269-49DA-A9FF-51D764F123E3}.Debug|x64.ActiveCfg = Debug|x64
		{CFEF1D8D-1269-49DA-A9FF-51D764F123E3}.Debug|x64.Build.0 = Debug|x64
		{CFEF1D8D-1269-49DA-A9FF-51D764F123E3}.Debug|x86.ActiveCfg = Debug|Win32
		{CFEF1D8D-1269-49DA-A9FF-51D764F123E3}.Debug|x86.Build.0 = Debug|Win32
		{CFEF1D8D-1269-49DA-A9FF-51D764F123E3}.Release|x64.ActiveCfg = Release|x64
		{CFEF1D8D-1269-49DA-A9FF-51D764F123E3}.Release|x64.Build.0 = Release|x64
		{CFEF1D8D-1269-49DA-A9FF-51D764F123E3}.Release|x86.ActiveCfg = Release|Win32
		{CFEF1D8D-1269-49DA-A9FF-51D764F123E3}.Release|x86.Build.0 = Release|Win32
	EndGlobalSection
	GlobalSection(SolutionProperties) = preSolution
		HideSolutionNode = FALSE
	EndGlobalSection
	GlobalSection(ExtensibilityGlobals) = postSolution
		SolutionGuid = {9309C5AD-B043-4BB7-9C63-FF0F2320CE31}
	EndGlobalSection
EndGlobal
