
Microsoft Visual Studio Solution File, Format Version 12.00
# Visual Studio Version 16
VisualStudioVersion = 16.0.33927.289
MinimumVisualStudioVersion = 10.0.40219.1
Project("{8BC9CEB8-8B4A-11D0-8D11-00A0C91BC942}") = "抽象類別", "抽象類別\抽象類別.vcxproj", "{82A69CD3-54EC-4AB0-8370-9CC3450B78F2}"
EndProject
Global
	GlobalSection(SolutionConfigurationPlatforms) = preSolution
		Debug|x64 = Debug|x64
		Debug|x86 = Debug|x86
		Release|x64 = Release|x64
		Release|x86 = Release|x86
	EndGlobalSection
	GlobalSection(ProjectConfigurationPlatforms) = postSolution
		{82A69CD3-54EC-4AB0-8370-9CC3450B78F2}.Debug|x64.ActiveCfg = Debug|x64
		{82A69CD3-54EC-4AB0-8370-9CC3450B78F2}.Debug|x64.Build.0 = Debug|x64
		{82A69CD3-54EC-4AB0-8370-9CC3450B78F2}.Debug|x86.ActiveCfg = Debug|Win32
		{82A69CD3-54EC-4AB0-8370-9CC3450B78F2}.Debug|x86.Build.0 = Debug|Win32
		{82A69CD3-54EC-4AB0-8370-9CC3450B78F2}.Release|x64.ActiveCfg = Release|x64
		{82A69CD3-54EC-4AB0-8370-9CC3450B78F2}.Release|x64.Build.0 = Release|x64
		{82A69CD3-54EC-4AB0-8370-9CC3450B78F2}.Release|x86.ActiveCfg = Release|Win32
		{82A69CD3-54EC-4AB0-8370-9CC3450B78F2}.Release|x86.Build.0 = Release|Win32
	EndGlobalSection
	GlobalSection(SolutionProperties) = preSolution
		HideSolutionNode = FALSE
	EndGlobalSection
	GlobalSection(ExtensibilityGlobals) = postSolution
		SolutionGuid = {05C5A2E8-4CFD-4766-A09F-9298F0275538}
	EndGlobalSection
EndGlobal
