
Microsoft Visual Studio Solution File, Format Version 12.00
# Visual Studio Version 16
VisualStudioVersion = 16.0.34031.81
MinimumVisualStudioVersion = 10.0.40219.1
Project("{8BC9CEB8-8B4A-11D0-8D11-00A0C91BC942}") = "ConsoleApplication1", "ConsoleApplication1\ConsoleApplication1.vcxproj", "{3101BBFA-CD02-487B-A44E-13E3DEA4F457}"
EndProject
Global
	GlobalSection(SolutionConfigurationPlatforms) = preSolution
		Debug|x64 = Debug|x64
		Debug|x86 = Debug|x86
		Release|x64 = Release|x64
		Release|x86 = Release|x86
	EndGlobalSection
	GlobalSection(ProjectConfigurationPlatforms) = postSolution
		{3101BBFA-CD02-487B-A44E-13E3DEA4F457}.Debug|x64.ActiveCfg = Debug|x64
		{3101BBFA-CD02-487B-A44E-13E3DEA4F457}.Debug|x64.Build.0 = Debug|x64
		{3101BBFA-CD02-487B-A44E-13E3DEA4F457}.Debug|x86.ActiveCfg = Debug|Win32
		{3101BBFA-CD02-487B-A44E-13E3DEA4F457}.Debug|x86.Build.0 = Debug|Win32
		{3101BBFA-CD02-487B-A44E-13E3DEA4F457}.Release|x64.ActiveCfg = Release|x64
		{3101BBFA-CD02-487B-A44E-13E3DEA4F457}.Release|x64.Build.0 = Release|x64
		{3101BBFA-CD02-487B-A44E-13E3DEA4F457}.Release|x86.ActiveCfg = Release|Win32
		{3101BBFA-CD02-487B-A44E-13E3DEA4F457}.Release|x86.Build.0 = Release|Win32
	EndGlobalSection
	GlobalSection(SolutionProperties) = preSolution
		HideSolutionNode = FALSE
	EndGlobalSection
	GlobalSection(ExtensibilityGlobals) = postSolution
		SolutionGuid = {E5AEEF35-5C97-4C25-91C0-2A976D60AF24}
	EndGlobalSection
EndGlobal
