
Microsoft Visual Studio Solution File, Format Version 12.00
# Visual Studio Version 16
VisualStudioVersion = 16.0.33927.289
MinimumVisualStudioVersion = 10.0.40219.1
Project("{8BC9CEB8-8B4A-11D0-8D11-00A0C91BC942}") = "W6 47-2", "W6 47-2\W6 47-2.vcxproj", "{8C6A9E4F-F146-4FDF-86E9-3755174E99D9}"
EndProject
Global
	GlobalSection(SolutionConfigurationPlatforms) = preSolution
		Debug|x64 = Debug|x64
		Debug|x86 = Debug|x86
		Release|x64 = Release|x64
		Release|x86 = Release|x86
	EndGlobalSection
	GlobalSection(ProjectConfigurationPlatforms) = postSolution
		{8C6A9E4F-F146-4FDF-86E9-3755174E99D9}.Debug|x64.ActiveCfg = Debug|x64
		{8C6A9E4F-F146-4FDF-86E9-3755174E99D9}.Debug|x64.Build.0 = Debug|x64
		{8C6A9E4F-F146-4FDF-86E9-3755174E99D9}.Debug|x86.ActiveCfg = Debug|Win32
		{8C6A9E4F-F146-4FDF-86E9-3755174E99D9}.Debug|x86.Build.0 = Debug|Win32
		{8C6A9E4F-F146-4FDF-86E9-3755174E99D9}.Release|x64.ActiveCfg = Release|x64
		{8C6A9E4F-F146-4FDF-86E9-3755174E99D9}.Release|x64.Build.0 = Release|x64
		{8C6A9E4F-F146-4FDF-86E9-3755174E99D9}.Release|x86.ActiveCfg = Release|Win32
		{8C6A9E4F-F146-4FDF-86E9-3755174E99D9}.Release|x86.Build.0 = Release|Win32
	EndGlobalSection
	GlobalSection(SolutionProperties) = preSolution
		HideSolutionNode = FALSE
	EndGlobalSection
	GlobalSection(ExtensibilityGlobals) = postSolution
		SolutionGuid = {0F32C971-D0E3-487F-8DC0-DCF02A420CA1}
	EndGlobalSection
EndGlobal
