
Microsoft Visual Studio Solution File, Format Version 12.00
# Visual Studio Version 16
VisualStudioVersion = 16.0.33927.289
MinimumVisualStudioVersion = 10.0.40219.1
Project("{8BC9CEB8-8B4A-11D0-8D11-00A0C91BC942}") = "ConsoleApplication3", "ConsoleApplication3\ConsoleApplication3.vcxproj", "{7844B66A-FC89-4DC9-990C-75206C9922CC}"
EndProject
Global
	GlobalSection(SolutionConfigurationPlatforms) = preSolution
		Debug|x64 = Debug|x64
		Debug|x86 = Debug|x86
		Release|x64 = Release|x64
		Release|x86 = Release|x86
	EndGlobalSection
	GlobalSection(ProjectConfigurationPlatforms) = postSolution
		{7844B66A-FC89-4DC9-990C-75206C9922CC}.Debug|x64.ActiveCfg = Debug|x64
		{7844B66A-FC89-4DC9-990C-75206C9922CC}.Debug|x64.Build.0 = Debug|x64
		{7844B66A-FC89-4DC9-990C-75206C9922CC}.Debug|x86.ActiveCfg = Debug|Win32
		{7844B66A-FC89-4DC9-990C-75206C9922CC}.Debug|x86.Build.0 = Debug|Win32
		{7844B66A-FC89-4DC9-990C-75206C9922CC}.Release|x64.ActiveCfg = Release|x64
		{7844B66A-FC89-4DC9-990C-75206C9922CC}.Release|x64.Build.0 = Release|x64
		{7844B66A-FC89-4DC9-990C-75206C9922CC}.Release|x86.ActiveCfg = Release|Win32
		{7844B66A-FC89-4DC9-990C-75206C9922CC}.Release|x86.Build.0 = Release|Win32
	EndGlobalSection
	GlobalSection(SolutionProperties) = preSolution
		HideSolutionNode = FALSE
	EndGlobalSection
	GlobalSection(ExtensibilityGlobals) = postSolution
		SolutionGuid = {6D087AF5-73B3-4B75-BAFF-AB0C54D7F788}
	EndGlobalSection
EndGlobal
