
Microsoft Visual Studio Solution File, Format Version 12.00
# Visual Studio Version 16
VisualStudioVersion = 16.0.33927.289
MinimumVisualStudioVersion = 10.0.40219.1
Project("{8BC9CEB8-8B4A-11D0-8D11-00A0C91BC942}") = "ConsoleApplication1", "ConsoleApplication1\ConsoleApplication1.vcxproj", "{A39AC062-94D5-437A-8A52-0518D4911F4C}"
EndProject
Global
	GlobalSection(SolutionConfigurationPlatforms) = preSolution
		Debug|x64 = Debug|x64
		Debug|x86 = Debug|x86
		Release|x64 = Release|x64
		Release|x86 = Release|x86
	EndGlobalSection
	GlobalSection(ProjectConfigurationPlatforms) = postSolution
		{A39AC062-94D5-437A-8A52-0518D4911F4C}.Debug|x64.ActiveCfg = Debug|x64
		{A39AC062-94D5-437A-8A52-0518D4911F4C}.Debug|x64.Build.0 = Debug|x64
		{A39AC062-94D5-437A-8A52-0518D4911F4C}.Debug|x86.ActiveCfg = Debug|Win32
		{A39AC062-94D5-437A-8A52-0518D4911F4C}.Debug|x86.Build.0 = Debug|Win32
		{A39AC062-94D5-437A-8A52-0518D4911F4C}.Release|x64.ActiveCfg = Release|x64
		{A39AC062-94D5-437A-8A52-0518D4911F4C}.Release|x64.Build.0 = Release|x64
		{A39AC062-94D5-437A-8A52-0518D4911F4C}.Release|x86.ActiveCfg = Release|Win32
		{A39AC062-94D5-437A-8A52-0518D4911F4C}.Release|x86.Build.0 = Release|Win32
	EndGlobalSection
	GlobalSection(SolutionProperties) = preSolution
		HideSolutionNode = FALSE
	EndGlobalSection
	GlobalSection(ExtensibilityGlobals) = postSolution
		SolutionGuid = {5B884C8C-8D88-4748-A875-E5EABB03482A}
	EndGlobalSection
EndGlobal
