
Microsoft Visual Studio Solution File, Format Version 12.00
# Visual Studio Version 16
VisualStudioVersion = 16.0.33927.289
MinimumVisualStudioVersion = 10.0.40219.1
Project("{8BC9CEB8-8B4A-11D0-8D11-00A0C91BC942}") = "matrix_test", "matrix_test\matrix_test.vcxproj", "{BD9A48F2-013A-462D-83B5-BDD3FFDE9B4A}"
EndProject
Global
	GlobalSection(SolutionConfigurationPlatforms) = preSolution
		Debug|x64 = Debug|x64
		Debug|x86 = Debug|x86
		Release|x64 = Release|x64
		Release|x86 = Release|x86
	EndGlobalSection
	GlobalSection(ProjectConfigurationPlatforms) = postSolution
		{BD9A48F2-013A-462D-83B5-BDD3FFDE9B4A}.Debug|x64.ActiveCfg = Debug|x64
		{BD9A48F2-013A-462D-83B5-BDD3FFDE9B4A}.Debug|x64.Build.0 = Debug|x64
		{BD9A48F2-013A-462D-83B5-BDD3FFDE9B4A}.Debug|x86.ActiveCfg = Debug|Win32
		{BD9A48F2-013A-462D-83B5-BDD3FFDE9B4A}.Debug|x86.Build.0 = Debug|Win32
		{BD9A48F2-013A-462D-83B5-BDD3FFDE9B4A}.Release|x64.ActiveCfg = Release|x64
		{BD9A48F2-013A-462D-83B5-BDD3FFDE9B4A}.Release|x64.Build.0 = Release|x64
		{BD9A48F2-013A-462D-83B5-BDD3FFDE9B4A}.Release|x86.ActiveCfg = Release|Win32
		{BD9A48F2-013A-462D-83B5-BDD3FFDE9B4A}.Release|x86.Build.0 = Release|Win32
	EndGlobalSection
	GlobalSection(SolutionProperties) = preSolution
		HideSolutionNode = FALSE
	EndGlobalSection
	GlobalSection(ExtensibilityGlobals) = postSolution
		SolutionGuid = {9F6D2478-23AC-4982-8367-B33971AFACF8}
	EndGlobalSection
EndGlobal
