
Microsoft Visual Studio Solution File, Format Version 12.00
# Visual Studio Version 16
VisualStudioVersion = 16.0.33927.289
MinimumVisualStudioVersion = 10.0.40219.1
Project("{8BC9CEB8-8B4A-11D0-8D11-00A0C91BC942}") = "1111134006-3", "1111134006-3\1111134006-3.vcxproj", "{98AD9591-8346-4995-B2F1-5BB85C20D66C}"
EndProject
Global
	GlobalSection(SolutionConfigurationPlatforms) = preSolution
		Debug|x64 = Debug|x64
		Debug|x86 = Debug|x86
		Release|x64 = Release|x64
		Release|x86 = Release|x86
	EndGlobalSection
	GlobalSection(ProjectConfigurationPlatforms) = postSolution
		{98AD9591-8346-4995-B2F1-5BB85C20D66C}.Debug|x64.ActiveCfg = Debug|x64
		{98AD9591-8346-4995-B2F1-5BB85C20D66C}.Debug|x64.Build.0 = Debug|x64
		{98AD9591-8346-4995-B2F1-5BB85C20D66C}.Debug|x86.ActiveCfg = Debug|Win32
		{98AD9591-8346-4995-B2F1-5BB85C20D66C}.Debug|x86.Build.0 = Debug|Win32
		{98AD9591-8346-4995-B2F1-5BB85C20D66C}.Release|x64.ActiveCfg = Release|x64
		{98AD9591-8346-4995-B2F1-5BB85C20D66C}.Release|x64.Build.0 = Release|x64
		{98AD9591-8346-4995-B2F1-5BB85C20D66C}.Release|x86.ActiveCfg = Release|Win32
		{98AD9591-8346-4995-B2F1-5BB85C20D66C}.Release|x86.Build.0 = Release|Win32
	EndGlobalSection
	GlobalSection(SolutionProperties) = preSolution
		HideSolutionNode = FALSE
	EndGlobalSection
	GlobalSection(ExtensibilityGlobals) = postSolution
		SolutionGuid = {86896915-A645-41A5-BBA0-AA6949A0C6A5}
	EndGlobalSection
EndGlobal
