
Microsoft Visual Studio Solution File, Format Version 12.00
# Visual Studio Version 16
VisualStudioVersion = 16.0.33927.289
MinimumVisualStudioVersion = 10.0.40219.1
Project("{8BC9CEB8-8B4A-11D0-8D11-00A0C91BC942}") = "2024 0501 022-1", "2024 0501 022-1\2024 0501 022-1.vcxproj", "{A0EDC3DD-1B53-448A-BA47-A521B32D556C}"
EndProject
Global
	GlobalSection(SolutionConfigurationPlatforms) = preSolution
		Debug|x64 = Debug|x64
		Debug|x86 = Debug|x86
		Release|x64 = Release|x64
		Release|x86 = Release|x86
	EndGlobalSection
	GlobalSection(ProjectConfigurationPlatforms) = postSolution
		{A0EDC3DD-1B53-448A-BA47-A521B32D556C}.Debug|x64.ActiveCfg = Debug|x64
		{A0EDC3DD-1B53-448A-BA47-A521B32D556C}.Debug|x64.Build.0 = Debug|x64
		{A0EDC3DD-1B53-448A-BA47-A521B32D556C}.Debug|x86.ActiveCfg = Debug|Win32
		{A0EDC3DD-1B53-448A-BA47-A521B32D556C}.Debug|x86.Build.0 = Debug|Win32
		{A0EDC3DD-1B53-448A-BA47-A521B32D556C}.Release|x64.ActiveCfg = Release|x64
		{A0EDC3DD-1B53-448A-BA47-A521B32D556C}.Release|x64.Build.0 = Release|x64
		{A0EDC3DD-1B53-448A-BA47-A521B32D556C}.Release|x86.ActiveCfg = Release|Win32
		{A0EDC3DD-1B53-448A-BA47-A521B32D556C}.Release|x86.Build.0 = Release|Win32
	EndGlobalSection
	GlobalSection(SolutionProperties) = preSolution
		HideSolutionNode = FALSE
	EndGlobalSection
	GlobalSection(ExtensibilityGlobals) = postSolution
		SolutionGuid = {069E9FAE-A0E3-49E6-82EF-54D9CA5D57AA}
	EndGlobalSection
EndGlobal
