
Microsoft Visual Studio Solution File, Format Version 12.00
# Visual Studio Version 16
VisualStudioVersion = 16.0.33927.289
MinimumVisualStudioVersion = 10.0.40219.1
Project("{8BC9CEB8-8B4A-11D0-8D11-00A0C91BC942}") = "no1", "no1\no1.vcxproj", "{18B00547-45D5-44C6-9139-242D0816D46A}"
EndProject
Global
	GlobalSection(SolutionConfigurationPlatforms) = preSolution
		Debug|x64 = Debug|x64
		Debug|x86 = Debug|x86
		Release|x64 = Release|x64
		Release|x86 = Release|x86
	EndGlobalSection
	GlobalSection(ProjectConfigurationPlatforms) = postSolution
		{18B00547-45D5-44C6-9139-242D0816D46A}.Debug|x64.ActiveCfg = Debug|x64
		{18B00547-45D5-44C6-9139-242D0816D46A}.Debug|x64.Build.0 = Debug|x64
		{18B00547-45D5-44C6-9139-242D0816D46A}.Debug|x86.ActiveCfg = Debug|Win32
		{18B00547-45D5-44C6-9139-242D0816D46A}.Debug|x86.Build.0 = Debug|Win32
		{18B00547-45D5-44C6-9139-242D0816D46A}.Release|x64.ActiveCfg = Release|x64
		{18B00547-45D5-44C6-9139-242D0816D46A}.Release|x64.Build.0 = Release|x64
		{18B00547-45D5-44C6-9139-242D0816D46A}.Release|x86.ActiveCfg = Release|Win32
		{18B00547-45D5-44C6-9139-242D0816D46A}.Release|x86.Build.0 = Release|Win32
	EndGlobalSection
	GlobalSection(SolutionProperties) = preSolution
		HideSolutionNode = FALSE
	EndGlobalSection
	GlobalSection(ExtensibilityGlobals) = postSolution
		SolutionGuid = {4F2AECCD-D10F-4EDF-A846-CC0A69A334CB}
	EndGlobalSection
EndGlobal
