
Microsoft Visual Studio Solution File, Format Version 12.00
# Visual Studio Version 16
VisualStudioVersion = 16.0.33927.289
MinimumVisualStudioVersion = 10.0.40219.1
Project("{8BC9CEB8-8B4A-11D0-8D11-00A0C91BC942}") = "ConsoleApplication2", "ConsoleApplication2\ConsoleApplication2.vcxproj", "{4F855380-058B-4CA0-A83E-42AF46C645AA}"
EndProject
Global
	GlobalSection(SolutionConfigurationPlatforms) = preSolution
		Debug|x64 = Debug|x64
		Debug|x86 = Debug|x86
		Release|x64 = Release|x64
		Release|x86 = Release|x86
	EndGlobalSection
	GlobalSection(ProjectConfigurationPlatforms) = postSolution
		{4F855380-058B-4CA0-A83E-42AF46C645AA}.Debug|x64.ActiveCfg = Debug|x64
		{4F855380-058B-4CA0-A83E-42AF46C645AA}.Debug|x64.Build.0 = Debug|x64
		{4F855380-058B-4CA0-A83E-42AF46C645AA}.Debug|x86.ActiveCfg = Debug|Win32
		{4F855380-058B-4CA0-A83E-42AF46C645AA}.Debug|x86.Build.0 = Debug|Win32
		{4F855380-058B-4CA0-A83E-42AF46C645AA}.Release|x64.ActiveCfg = Release|x64
		{4F855380-058B-4CA0-A83E-42AF46C645AA}.Release|x64.Build.0 = Release|x64
		{4F855380-058B-4CA0-A83E-42AF46C645AA}.Release|x86.ActiveCfg = Release|Win32
		{4F855380-058B-4CA0-A83E-42AF46C645AA}.Release|x86.Build.0 = Release|Win32
	EndGlobalSection
	GlobalSection(SolutionProperties) = preSolution
		HideSolutionNode = FALSE
	EndGlobalSection
	GlobalSection(ExtensibilityGlobals) = postSolution
		SolutionGuid = {DAE80326-9C85-4CA7-85A2-3299BE37D52C}
	EndGlobalSection
EndGlobal
