
Microsoft Visual Studio Solution File, Format Version 12.00
# Visual Studio Version 16
VisualStudioVersion = 16.0.33927.289
MinimumVisualStudioVersion = 10.0.40219.1
Project("{8BC9CEB8-8B4A-11D0-8D11-00A0C91BC942}") = "NO2", "NO2\NO2.vcxproj", "{195C2982-1CA0-4F2A-BC64-945DB633E4F8}"
EndProject
Global
	GlobalSection(SolutionConfigurationPlatforms) = preSolution
		Debug|x64 = Debug|x64
		Debug|x86 = Debug|x86
		Release|x64 = Release|x64
		Release|x86 = Release|x86
	EndGlobalSection
	GlobalSection(ProjectConfigurationPlatforms) = postSolution
		{195C2982-1CA0-4F2A-BC64-945DB633E4F8}.Debug|x64.ActiveCfg = Debug|x64
		{195C2982-1CA0-4F2A-BC64-945DB633E4F8}.Debug|x64.Build.0 = Debug|x64
		{195C2982-1CA0-4F2A-BC64-945DB633E4F8}.Debug|x86.ActiveCfg = Debug|Win32
		{195C2982-1CA0-4F2A-BC64-945DB633E4F8}.Debug|x86.Build.0 = Debug|Win32
		{195C2982-1CA0-4F2A-BC64-945DB633E4F8}.Release|x64.ActiveCfg = Release|x64
		{195C2982-1CA0-4F2A-BC64-945DB633E4F8}.Release|x64.Build.0 = Release|x64
		{195C2982-1CA0-4F2A-BC64-945DB633E4F8}.Release|x86.ActiveCfg = Release|Win32
		{195C2982-1CA0-4F2A-BC64-945DB633E4F8}.Release|x86.Build.0 = Release|Win32
	EndGlobalSection
	GlobalSection(SolutionProperties) = preSolution
		HideSolutionNode = FALSE
	EndGlobalSection
	GlobalSection(ExtensibilityGlobals) = postSolution
		SolutionGuid = {D44AD04D-D009-416F-9690-6633E13622B2}
	EndGlobalSection
EndGlobal
