
Microsoft Visual Studio Solution File, Format Version 12.00
# Visual Studio Version 16
VisualStudioVersion = 16.0.33927.289
MinimumVisualStudioVersion = 10.0.40219.1
Project("{8BC9CEB8-8B4A-11D0-8D11-00A0C91BC942}") = "大小寫換算", "大小寫換算\大小寫換算.vcxproj", "{BADD5B70-E577-4D9A-A91F-1FE09440814D}"
EndProject
Global
	GlobalSection(SolutionConfigurationPlatforms) = preSolution
		Debug|x64 = Debug|x64
		Debug|x86 = Debug|x86
		Release|x64 = Release|x64
		Release|x86 = Release|x86
	EndGlobalSection
	GlobalSection(ProjectConfigurationPlatforms) = postSolution
		{BADD5B70-E577-4D9A-A91F-1FE09440814D}.Debug|x64.ActiveCfg = Debug|x64
		{BADD5B70-E577-4D9A-A91F-1FE09440814D}.Debug|x64.Build.0 = Debug|x64
		{BADD5B70-E577-4D9A-A91F-1FE09440814D}.Debug|x86.ActiveCfg = Debug|Win32
		{BADD5B70-E577-4D9A-A91F-1FE09440814D}.Debug|x86.Build.0 = Debug|Win32
		{BADD5B70-E577-4D9A-A91F-1FE09440814D}.Release|x64.ActiveCfg = Release|x64
		{BADD5B70-E577-4D9A-A91F-1FE09440814D}.Release|x64.Build.0 = Release|x64
		{BADD5B70-E577-4D9A-A91F-1FE09440814D}.Release|x86.ActiveCfg = Release|Win32
		{BADD5B70-E577-4D9A-A91F-1FE09440814D}.Release|x86.Build.0 = Release|Win32
	EndGlobalSection
	GlobalSection(SolutionProperties) = preSolution
		HideSolutionNode = FALSE
	EndGlobalSection
	GlobalSection(ExtensibilityGlobals) = postSolution
		SolutionGuid = {6B4E687F-BBF8-4897-8928-CF314EA530CC}
	EndGlobalSection
EndGlobal
