
Microsoft Visual Studio Solution File, Format Version 12.00
# Visual Studio Version 16
VisualStudioVersion = 16.0.33927.289
MinimumVisualStudioVersion = 10.0.40219.1
Project("{8BC9CEB8-8B4A-11D0-8D11-00A0C91BC942}") = "1", "1\1.vcxproj", "{F2CD80B5-2F5F-4002-86C7-671DD8580C8E}"
EndProject
Global
	GlobalSection(SolutionConfigurationPlatforms) = preSolution
		Debug|x64 = Debug|x64
		Debug|x86 = Debug|x86
		Release|x64 = Release|x64
		Release|x86 = Release|x86
	EndGlobalSection
	GlobalSection(ProjectConfigurationPlatforms) = postSolution
		{F2CD80B5-2F5F-4002-86C7-671DD8580C8E}.Debug|x64.ActiveCfg = Debug|x64
		{F2CD80B5-2F5F-4002-86C7-671DD8580C8E}.Debug|x64.Build.0 = Debug|x64
		{F2CD80B5-2F5F-4002-86C7-671DD8580C8E}.Debug|x86.ActiveCfg = Debug|Win32
		{F2CD80B5-2F5F-4002-86C7-671DD8580C8E}.Debug|x86.Build.0 = Debug|Win32
		{F2CD80B5-2F5F-4002-86C7-671DD8580C8E}.Release|x64.ActiveCfg = Release|x64
		{F2CD80B5-2F5F-4002-86C7-671DD8580C8E}.Release|x64.Build.0 = Release|x64
		{F2CD80B5-2F5F-4002-86C7-671DD8580C8E}.Release|x86.ActiveCfg = Release|Win32
		{F2CD80B5-2F5F-4002-86C7-671DD8580C8E}.Release|x86.Build.0 = Release|Win32
	EndGlobalSection
	GlobalSection(SolutionProperties) = preSolution
		HideSolutionNode = FALSE
	EndGlobalSection
	GlobalSection(ExtensibilityGlobals) = postSolution
		SolutionGuid = {F58F893A-8E50-4168-9C68-E893B669EC40}
	EndGlobalSection
EndGlobal
