
Microsoft Visual Studio Solution File, Format Version 12.00
# Visual Studio Version 16
VisualStudioVersion = 16.0.33927.289
MinimumVisualStudioVersion = 10.0.40219.1
Project("{8BC9CEB8-8B4A-11D0-8D11-00A0C91BC942}") = "1111134011.5.1-1", "1111134011.5.1-1\1111134011.5.1-1.vcxproj", "{C5EC655E-DCFB-4E9F-83D9-672597189CB8}"
EndProject
Global
	GlobalSection(SolutionConfigurationPlatforms) = preSolution
		Debug|x64 = Debug|x64
		Debug|x86 = Debug|x86
		Release|x64 = Release|x64
		Release|x86 = Release|x86
	EndGlobalSection
	GlobalSection(ProjectConfigurationPlatforms) = postSolution
		{C5EC655E-DCFB-4E9F-83D9-672597189CB8}.Debug|x64.ActiveCfg = Debug|x64
		{C5EC655E-DCFB-4E9F-83D9-672597189CB8}.Debug|x64.Build.0 = Debug|x64
		{C5EC655E-DCFB-4E9F-83D9-672597189CB8}.Debug|x86.ActiveCfg = Debug|Win32
		{C5EC655E-DCFB-4E9F-83D9-672597189CB8}.Debug|x86.Build.0 = Debug|Win32
		{C5EC655E-DCFB-4E9F-83D9-672597189CB8}.Release|x64.ActiveCfg = Release|x64
		{C5EC655E-DCFB-4E9F-83D9-672597189CB8}.Release|x64.Build.0 = Release|x64
		{C5EC655E-DCFB-4E9F-83D9-672597189CB8}.Release|x86.ActiveCfg = Release|Win32
		{C5EC655E-DCFB-4E9F-83D9-672597189CB8}.Release|x86.Build.0 = Release|Win32
	EndGlobalSection
	GlobalSection(SolutionProperties) = preSolution
		HideSolutionNode = FALSE
	EndGlobalSection
	GlobalSection(ExtensibilityGlobals) = postSolution
		SolutionGuid = {888D3259-ECF6-4333-A85D-C2885E213663}
	EndGlobalSection
EndGlobal
