
Microsoft Visual Studio Solution File, Format Version 12.00
# Visual Studio Version 16
VisualStudioVersion = 16.0.33927.289
MinimumVisualStudioVersion = 10.0.40219.1
Project("{8BC9CEB8-8B4A-11D0-8D11-00A0C91BC942}") = "ConsoleApplication4", "ConsoleApplication4\ConsoleApplication4.vcxproj", "{6EE2C24F-A4D6-4C78-8B83-0EF351214FEF}"
EndProject
Global
	GlobalSection(SolutionConfigurationPlatforms) = preSolution
		Debug|x64 = Debug|x64
		Debug|x86 = Debug|x86
		Release|x64 = Release|x64
		Release|x86 = Release|x86
	EndGlobalSection
	GlobalSection(ProjectConfigurationPlatforms) = postSolution
		{6EE2C24F-A4D6-4C78-8B83-0EF351214FEF}.Debug|x64.ActiveCfg = Debug|x64
		{6EE2C24F-A4D6-4C78-8B83-0EF351214FEF}.Debug|x64.Build.0 = Debug|x64
		{6EE2C24F-A4D6-4C78-8B83-0EF351214FEF}.Debug|x86.ActiveCfg = Debug|Win32
		{6EE2C24F-A4D6-4C78-8B83-0EF351214FEF}.Debug|x86.Build.0 = Debug|Win32
		{6EE2C24F-A4D6-4C78-8B83-0EF351214FEF}.Release|x64.ActiveCfg = Release|x64
		{6EE2C24F-A4D6-4C78-8B83-0EF351214FEF}.Release|x64.Build.0 = Release|x64
		{6EE2C24F-A4D6-4C78-8B83-0EF351214FEF}.Release|x86.ActiveCfg = Release|Win32
		{6EE2C24F-A4D6-4C78-8B83-0EF351214FEF}.Release|x86.Build.0 = Release|Win32
	EndGlobalSection
	GlobalSection(SolutionProperties) = preSolution
		HideSolutionNode = FALSE
	EndGlobalSection
	GlobalSection(ExtensibilityGlobals) = postSolution
		SolutionGuid = {50C112EA-7A86-4F58-A641-BFB7ED532908}
	EndGlobalSection
EndGlobal
