
Microsoft Visual Studio Solution File, Format Version 12.00
# Visual Studio Version 16
VisualStudioVersion = 16.0.33927.289
MinimumVisualStudioVersion = 10.0.40219.1
Project("{8BC9CEB8-8B4A-11D0-8D11-00A0C91BC942}") = "0612.1", "0612.1\0612.1.vcxproj", "{764585C3-4E2F-4E6A-A5B4-BF2AB27EE1EE}"
EndProject
Global
	GlobalSection(SolutionConfigurationPlatforms) = preSolution
		Debug|x64 = Debug|x64
		Debug|x86 = Debug|x86
		Release|x64 = Release|x64
		Release|x86 = Release|x86
	EndGlobalSection
	GlobalSection(ProjectConfigurationPlatforms) = postSolution
		{764585C3-4E2F-4E6A-A5B4-BF2AB27EE1EE}.Debug|x64.ActiveCfg = Debug|x64
		{764585C3-4E2F-4E6A-A5B4-BF2AB27EE1EE}.Debug|x64.Build.0 = Debug|x64
		{764585C3-4E2F-4E6A-A5B4-BF2AB27EE1EE}.Debug|x86.ActiveCfg = Debug|Win32
		{764585C3-4E2F-4E6A-A5B4-BF2AB27EE1EE}.Debug|x86.Build.0 = Debug|Win32
		{764585C3-4E2F-4E6A-A5B4-BF2AB27EE1EE}.Release|x64.ActiveCfg = Release|x64
		{764585C3-4E2F-4E6A-A5B4-BF2AB27EE1EE}.Release|x64.Build.0 = Release|x64
		{764585C3-4E2F-4E6A-A5B4-BF2AB27EE1EE}.Release|x86.ActiveCfg = Release|Win32
		{764585C3-4E2F-4E6A-A5B4-BF2AB27EE1EE}.Release|x86.Build.0 = Release|Win32
	EndGlobalSection
	GlobalSection(SolutionProperties) = preSolution
		HideSolutionNode = FALSE
	EndGlobalSection
	GlobalSection(ExtensibilityGlobals) = postSolution
		SolutionGuid = {45B9109C-0785-4CC6-A6D6-EEADF1881081}
	EndGlobalSection
EndGlobal
