
Microsoft Visual Studio Solution File, Format Version 12.00
# Visual Studio Version 16
VisualStudioVersion = 16.0.33927.289
MinimumVisualStudioVersion = 10.0.40219.1
Project("{8BC9CEB8-8B4A-11D0-8D11-00A0C91BC942}") = "ConsoleApplication2", "ConsoleApplication2\ConsoleApplication2.vcxproj", "{CF5D743D-6C66-401A-8DAB-C39A0954A6AD}"
EndProject
Global
	GlobalSection(SolutionConfigurationPlatforms) = preSolution
		Debug|x64 = Debug|x64
		Debug|x86 = Debug|x86
		Release|x64 = Release|x64
		Release|x86 = Release|x86
	EndGlobalSection
	GlobalSection(ProjectConfigurationPlatforms) = postSolution
		{CF5D743D-6C66-401A-8DAB-C39A0954A6AD}.Debug|x64.ActiveCfg = Debug|x64
		{CF5D743D-6C66-401A-8DAB-C39A0954A6AD}.Debug|x64.Build.0 = Debug|x64
		{CF5D743D-6C66-401A-8DAB-C39A0954A6AD}.Debug|x86.ActiveCfg = Debug|Win32
		{CF5D743D-6C66-401A-8DAB-C39A0954A6AD}.Debug|x86.Build.0 = Debug|Win32
		{CF5D743D-6C66-401A-8DAB-C39A0954A6AD}.Release|x64.ActiveCfg = Release|x64
		{CF5D743D-6C66-401A-8DAB-C39A0954A6AD}.Release|x64.Build.0 = Release|x64
		{CF5D743D-6C66-401A-8DAB-C39A0954A6AD}.Release|x86.ActiveCfg = Release|Win32
		{CF5D743D-6C66-401A-8DAB-C39A0954A6AD}.Release|x86.Build.0 = Release|Win32
	EndGlobalSection
	GlobalSection(SolutionProperties) = preSolution
		HideSolutionNode = FALSE
	EndGlobalSection
	GlobalSection(ExtensibilityGlobals) = postSolution
		SolutionGuid = {67BF9892-6D62-498C-B04C-08077C995064}
	EndGlobalSection
EndGlobal
