
Microsoft Visual Studio Solution File, Format Version 12.00
# Visual Studio Version 16
VisualStudioVersion = 16.0.33927.289
MinimumVisualStudioVersion = 10.0.40219.1
Project("{8BC9CEB8-8B4A-11D0-8D11-00A0C91BC942}") = "0306 022-2", "0306 022-2\0306 022-2.vcxproj", "{6BF672CA-9846-41DB-929C-2236E3760002}"
EndProject
Global
	GlobalSection(SolutionConfigurationPlatforms) = preSolution
		Debug|x64 = Debug|x64
		Debug|x86 = Debug|x86
		Release|x64 = Release|x64
		Release|x86 = Release|x86
	EndGlobalSection
	GlobalSection(ProjectConfigurationPlatforms) = postSolution
		{6BF672CA-9846-41DB-929C-2236E3760002}.Debug|x64.ActiveCfg = Debug|x64
		{6BF672CA-9846-41DB-929C-2236E3760002}.Debug|x64.Build.0 = Debug|x64
		{6BF672CA-9846-41DB-929C-2236E3760002}.Debug|x86.ActiveCfg = Debug|Win32
		{6BF672CA-9846-41DB-929C-2236E3760002}.Debug|x86.Build.0 = Debug|Win32
		{6BF672CA-9846-41DB-929C-2236E3760002}.Release|x64.ActiveCfg = Release|x64
		{6BF672CA-9846-41DB-929C-2236E3760002}.Release|x64.Build.0 = Release|x64
		{6BF672CA-9846-41DB-929C-2236E3760002}.Release|x86.ActiveCfg = Release|Win32
		{6BF672CA-9846-41DB-929C-2236E3760002}.Release|x86.Build.0 = Release|Win32
	EndGlobalSection
	GlobalSection(SolutionProperties) = preSolution
		HideSolutionNode = FALSE
	EndGlobalSection
	GlobalSection(ExtensibilityGlobals) = postSolution
		SolutionGuid = {041D31CD-95B9-48DA-946F-5D82694E9488}
	EndGlobalSection
EndGlobal
