
Microsoft Visual Studio Solution File, Format Version 12.00
# Visual Studio Version 16
VisualStudioVersion = 16.0.33927.289
MinimumVisualStudioVersion = 10.0.40219.1
Project("{8BC9CEB8-8B4A-11D0-8D11-00A0C91BC942}") = "22", "22\22.vcxproj", "{44C291A2-9E43-49D8-BCC6-C817DD9D98A2}"
EndProject
Global
	GlobalSection(SolutionConfigurationPlatforms) = preSolution
		Debug|x64 = Debug|x64
		Debug|x86 = Debug|x86
		Release|x64 = Release|x64
		Release|x86 = Release|x86
	EndGlobalSection
	GlobalSection(ProjectConfigurationPlatforms) = postSolution
		{44C291A2-9E43-49D8-BCC6-C817DD9D98A2}.Debug|x64.ActiveCfg = Debug|x64
		{44C291A2-9E43-49D8-BCC6-C817DD9D98A2}.Debug|x64.Build.0 = Debug|x64
		{44C291A2-9E43-49D8-BCC6-C817DD9D98A2}.Debug|x86.ActiveCfg = Debug|Win32
		{44C291A2-9E43-49D8-BCC6-C817DD9D98A2}.Debug|x86.Build.0 = Debug|Win32
		{44C291A2-9E43-49D8-BCC6-C817DD9D98A2}.Release|x64.ActiveCfg = Release|x64
		{44C291A2-9E43-49D8-BCC6-C817DD9D98A2}.Release|x64.Build.0 = Release|x64
		{44C291A2-9E43-49D8-BCC6-C817DD9D98A2}.Release|x86.ActiveCfg = Release|Win32
		{44C291A2-9E43-49D8-BCC6-C817DD9D98A2}.Release|x86.Build.0 = Release|Win32
	EndGlobalSection
	GlobalSection(SolutionProperties) = preSolution
		HideSolutionNode = FALSE
	EndGlobalSection
	GlobalSection(ExtensibilityGlobals) = postSolution
		SolutionGuid = {C3C4BA0B-67C9-424B-896A-D85F5E7AAA05}
	EndGlobalSection
EndGlobal
