
Microsoft Visual Studio Solution File, Format Version 12.00
# Visual Studio Version 16
VisualStudioVersion = 16.0.33927.289
MinimumVisualStudioVersion = 10.0.40219.1
Project("{8BC9CEB8-8B4A-11D0-8D11-00A0C91BC942}") = "3.20-3", "3.20-3\3.20-3.vcxproj", "{6A469193-461D-4063-AE75-BA51FBF96B3C}"
EndProject
Global
	GlobalSection(SolutionConfigurationPlatforms) = preSolution
		Debug|x64 = Debug|x64
		Debug|x86 = Debug|x86
		Release|x64 = Release|x64
		Release|x86 = Release|x86
	EndGlobalSection
	GlobalSection(ProjectConfigurationPlatforms) = postSolution
		{6A469193-461D-4063-AE75-BA51FBF96B3C}.Debug|x64.ActiveCfg = Debug|x64
		{6A469193-461D-4063-AE75-BA51FBF96B3C}.Debug|x64.Build.0 = Debug|x64
		{6A469193-461D-4063-AE75-BA51FBF96B3C}.Debug|x86.ActiveCfg = Debug|Win32
		{6A469193-461D-4063-AE75-BA51FBF96B3C}.Debug|x86.Build.0 = Debug|Win32
		{6A469193-461D-4063-AE75-BA51FBF96B3C}.Release|x64.ActiveCfg = Release|x64
		{6A469193-461D-4063-AE75-BA51FBF96B3C}.Release|x64.Build.0 = Release|x64
		{6A469193-461D-4063-AE75-BA51FBF96B3C}.Release|x86.ActiveCfg = Release|Win32
		{6A469193-461D-4063-AE75-BA51FBF96B3C}.Release|x86.Build.0 = Release|Win32
	EndGlobalSection
	GlobalSection(SolutionProperties) = preSolution
		HideSolutionNode = FALSE
	EndGlobalSection
	GlobalSection(ExtensibilityGlobals) = postSolution
		SolutionGuid = {83774196-1EA2-4D5F-BE5A-904358B7DA6F}
	EndGlobalSection
EndGlobal
