
Microsoft Visual Studio Solution File, Format Version 12.00
# Visual Studio Version 16
VisualStudioVersion = 16.0.33927.289
MinimumVisualStudioVersion = 10.0.40219.1
Project("{8BC9CEB8-8B4A-11D0-8D11-00A0C91BC942}") = "1110831044-1", "1110831044-1\1110831044-1.vcxproj", "{9DA32334-1F2E-4813-BABF-15FB5A6BD447}"
EndProject
Global
	GlobalSection(SolutionConfigurationPlatforms) = preSolution
		Debug|x64 = Debug|x64
		Debug|x86 = Debug|x86
		Release|x64 = Release|x64
		Release|x86 = Release|x86
	EndGlobalSection
	GlobalSection(ProjectConfigurationPlatforms) = postSolution
		{9DA32334-1F2E-4813-BABF-15FB5A6BD447}.Debug|x64.ActiveCfg = Debug|x64
		{9DA32334-1F2E-4813-BABF-15FB5A6BD447}.Debug|x64.Build.0 = Debug|x64
		{9DA32334-1F2E-4813-BABF-15FB5A6BD447}.Debug|x86.ActiveCfg = Debug|Win32
		{9DA32334-1F2E-4813-BABF-15FB5A6BD447}.Debug|x86.Build.0 = Debug|Win32
		{9DA32334-1F2E-4813-BABF-15FB5A6BD447}.Release|x64.ActiveCfg = Release|x64
		{9DA32334-1F2E-4813-BABF-15FB5A6BD447}.Release|x64.Build.0 = Release|x64
		{9DA32334-1F2E-4813-BABF-15FB5A6BD447}.Release|x86.ActiveCfg = Release|Win32
		{9DA32334-1F2E-4813-BABF-15FB5A6BD447}.Release|x86.Build.0 = Release|Win32
	EndGlobalSection
	GlobalSection(SolutionProperties) = preSolution
		HideSolutionNode = FALSE
	EndGlobalSection
	GlobalSection(ExtensibilityGlobals) = postSolution
		SolutionGuid = {18EF5EF1-A8C1-4B19-A808-285CA2E46585}
	EndGlobalSection
EndGlobal
